
Microsoft Visual Studio Solution File, Format Version 12.00
# Visual Studio Version 16
VisualStudioVersion = 16.0.31702.278
MinimumVisualStudioVersion = 10.0.40219.1
Project("{FAE04EC0-301F-11D3-BF4B-00C04F79EFBC}") = "A3", "A3\A3.csproj", "{6D745E01-B358-427C-944B-A4DDFEEAA33A}"
EndProject
Global
	GlobalSection(SolutionConfigurationPlatforms) = preSolution
		Debug|Any CPU = Debug|Any CPU
		Release|Any CPU = Release|Any CPU
	EndGlobalSection
	GlobalSection(ProjectConfigurationPlatforms) = postSolution
		{6D745E01-B358-427C-944B-A4DDFEEAA33A}.Debug|Any CPU.ActiveCfg = Debug|Any CPU
		{6D745E01-B358-427C-944B-A4DDFEEAA33A}.Debug|Any CPU.Build.0 = Debug|Any CPU
		{6D745E01-B358-427C-944B-A4DDFEEAA33A}.Release|Any CPU.ActiveCfg = Release|Any CPU
		{6D745E01-B358-427C-944B-A4DDFEEAA33A}.Release|Any CPU.Build.0 = Release|Any CPU
	EndGlobalSection
	GlobalSection(SolutionProperties) = preSolution
		HideSolutionNode = FALSE
	EndGlobalSection
	GlobalSection(ExtensibilityGlobals) = postSolution
		SolutionGuid = {A010998F-F81A-46BF-9D1E-58B5547F140C}
	EndGlobalSection
EndGlobal
